
Microsoft Visual Studio Solution File, Format Version 12.00
# Visual Studio Version 17
VisualStudioVersion = 17.4.33403.182
MinimumVisualStudioVersion = 10.0.40219.1
Project("{FAE04EC0-301F-11D3-BF4B-00C04F79EFBC}") = "API", "API\API.csproj", "{F4630131-D55D-47A4-83CB-54F74FF96AAD}"
EndProject
Project("{FAE04EC0-301F-11D3-BF4B-00C04F79EFBC}") = "DatabaseAccess", "DatabaseAccess\DatabaseAccess.csproj", "{57F84B0B-D9E5-45D7-8824-31CD00511AC3}"
EndProject
Global
	GlobalSection(SolutionConfigurationPlatforms) = preSolution
		Debug|Any CPU = Debug|Any CPU
		Release|Any CPU = Release|Any CPU
	EndGlobalSection
	GlobalSection(ProjectConfigurationPlatforms) = postSolution
		{F4630131-D55D-47A4-83CB-54F74FF96AAD}.Debug|Any CPU.ActiveCfg = Debug|Any CPU
		{F4630131-D55D-47A4-83CB-54F74FF96AAD}.Debug|Any CPU.Build.0 = Debug|Any CPU
		{F4630131-D55D-47A4-83CB-54F74FF96AAD}.Release|Any CPU.ActiveCfg = Release|Any CPU
		{F4630131-D55D-47A4-83CB-54F74FF96AAD}.Release|Any CPU.Build.0 = Release|Any CPU
		{57F84B0B-D9E5-45D7-8824-31CD00511AC3}.Debug|Any CPU.ActiveCfg = Debug|Any CPU
		{57F84B0B-D9E5-45D7-8824-31CD00511AC3}.Debug|Any CPU.Build.0 = Debug|Any CPU
		{57F84B0B-D9E5-45D7-8824-31CD00511AC3}.Release|Any CPU.ActiveCfg = Release|Any CPU
		{57F84B0B-D9E5-45D7-8824-31CD00511AC3}.Release|Any CPU.Build.0 = Release|Any CPU
	EndGlobalSection
	GlobalSection(SolutionProperties) = preSolution
		HideSolutionNode = FALSE
	EndGlobalSection
	GlobalSection(ExtensibilityGlobals) = postSolution
		SolutionGuid = {D66DC0DD-5C5E-4053-9128-55AB2BF1A529}
	EndGlobalSection
EndGlobal
